
Microsoft Visual Studio Solution File, Format Version 12.00
# Visual Studio Version 16
VisualStudioVersion = 16.0.32413.511
MinimumVisualStudioVersion = 10.0.40219.1
Project("{FAE04EC0-301F-11D3-BF4B-00C04F79EFBC}") = "Course", "Course\Course.csproj", "{265E5C2C-61C2-4002-8FC8-41EB5505C249}"
EndProject
Global
	GlobalSection(SolutionConfigurationPlatforms) = preSolution
		Debug|Any CPU = Debug|Any CPU
		Release|Any CPU = Release|Any CPU
	EndGlobalSection
	GlobalSection(ProjectConfigurationPlatforms) = postSolution
		{265E5C2C-61C2-4002-8FC8-41EB5505C249}.Debug|Any CPU.ActiveCfg = Debug|Any CPU
		{265E5C2C-61C2-4002-8FC8-41EB5505C249}.Debug|Any CPU.Build.0 = Debug|Any CPU
		{265E5C2C-61C2-4002-8FC8-41EB5505C249}.Release|Any CPU.ActiveCfg = Release|Any CPU
		{265E5C2C-61C2-4002-8FC8-41EB5505C249}.Release|Any CPU.Build.0 = Release|Any CPU
	EndGlobalSection
	GlobalSection(SolutionProperties) = preSolution
		HideSolutionNode = FALSE
	EndGlobalSection
	GlobalSection(ExtensibilityGlobals) = postSolution
		SolutionGuid = {8809E0F4-6BDD-4B73-B3DE-FA63AFB78F97}
	EndGlobalSection
EndGlobal
